
Microsoft Visual Studio Solution File, Format Version 12.00
# Visual Studio 15
VisualStudioVersion = 15.0.28307.168
MinimumVisualStudioVersion = 10.0.40219.1
Project("{FAE04EC0-301F-11D3-BF4B-00C04F79EFBC}") = "InterviewPracticed", "InterviewPracticed\InterviewPracticed.csproj", "{812F3081-5519-440A-BAAC-8BC456DE87BD}"
EndProject
Project("{FAE04EC0-301F-11D3-BF4B-00C04F79EFBC}") = "ConsoleApp2", "ConsoleApp2\ConsoleApp2.csproj", "{60FCE1E4-1DA6-4206-BC50-886513945870}"
EndProject
Project("{FAE04EC0-301F-11D3-BF4B-00C04F79EFBC}") = "FibonacciSeriesPractice", "FibonacciSeriesPractice\FibonacciSeriesPractice.csproj", "{29E23F90-BF53-43AD-ACD3-55BA6F9A6467}"
EndProject
Project("{FAE04EC0-301F-11D3-BF4B-00C04F79EFBC}") = "UpperAndLowerStringChange", "UpperAndLowerStringChange\UpperAndLowerStringChange.csproj", "{7ACFB972-8AE9-4B2E-8590-2D4786F11120}"
EndProject
Global
	GlobalSection(SolutionConfigurationPlatforms) = preSolution
		Debug|Any CPU = Debug|Any CPU
		Release|Any CPU = Release|Any CPU
	EndGlobalSection
	GlobalSection(ProjectConfigurationPlatforms) = postSolution
		{812F3081-5519-440A-BAAC-8BC456DE87BD}.Debug|Any CPU.ActiveCfg = Debug|Any CPU
		{812F3081-5519-440A-BAAC-8BC456DE87BD}.Debug|Any CPU.Build.0 = Debug|Any CPU
		{812F3081-5519-440A-BAAC-8BC456DE87BD}.Release|Any CPU.ActiveCfg = Release|Any CPU
		{812F3081-5519-440A-BAAC-8BC456DE87BD}.Release|Any CPU.Build.0 = Release|Any CPU
		{60FCE1E4-1DA6-4206-BC50-886513945870}.Debug|Any CPU.ActiveCfg = Debug|Any CPU
		{60FCE1E4-1DA6-4206-BC50-886513945870}.Debug|Any CPU.Build.0 = Debug|Any CPU
		{60FCE1E4-1DA6-4206-BC50-886513945870}.Release|Any CPU.ActiveCfg = Release|Any CPU
		{60FCE1E4-1DA6-4206-BC50-886513945870}.Release|Any CPU.Build.0 = Release|Any CPU
		{29E23F90-BF53-43AD-ACD3-55BA6F9A6467}.Debug|Any CPU.ActiveCfg = Debug|Any CPU
		{29E23F90-BF53-43AD-ACD3-55BA6F9A6467}.Debug|Any CPU.Build.0 = Debug|Any CPU
		{29E23F90-BF53-43AD-ACD3-55BA6F9A6467}.Release|Any CPU.ActiveCfg = Release|Any CPU
		{29E23F90-BF53-43AD-ACD3-55BA6F9A6467}.Release|Any CPU.Build.0 = Release|Any CPU
		{7ACFB972-8AE9-4B2E-8590-2D4786F11120}.Debug|Any CPU.ActiveCfg = Debug|Any CPU
		{7ACFB972-8AE9-4B2E-8590-2D4786F11120}.Debug|Any CPU.Build.0 = Debug|Any CPU
		{7ACFB972-8AE9-4B2E-8590-2D4786F11120}.Release|Any CPU.ActiveCfg = Release|Any CPU
		{7ACFB972-8AE9-4B2E-8590-2D4786F11120}.Release|Any CPU.Build.0 = Release|Any CPU
	EndGlobalSection
	GlobalSection(SolutionProperties) = preSolution
		HideSolutionNode = FALSE
	EndGlobalSection
	GlobalSection(ExtensibilityGlobals) = postSolution
		SolutionGuid = {1C64E4A2-1DA7-4E45-A03B-C70D4CC9F711}
	EndGlobalSection
EndGlobal
